
Microsoft Visual Studio Solution File, Format Version 12.00
# Visual Studio 15
Project("{FAE04EC0-301F-11D3-BF4B-00C04F79EFBC}") = "Assembly-CSharp", "Assembly-CSharp.csproj", "{B1233C7F-93C0-55F4-1F7C-210F42A180E5}"
EndProject
Project("{FAE04EC0-301F-11D3-BF4B-00C04F79EFBC}") = "Assembly-CSharp-Editor", "Assembly-CSharp-Editor.csproj", "{5A8B5060-75CE-757A-1D9A-84138746C158}"
EndProject
Global
	GlobalSection(SolutionConfigurationPlatforms) = preSolution
		Debug|Any CPU = Debug|Any CPU
		Release|Any CPU = Release|Any CPU
	EndGlobalSection
	GlobalSection(ProjectConfigurationPlatforms) = postSolution
		{B1233C7F-93C0-55F4-1F7C-210F42A180E5}.Debug|Any CPU.ActiveCfg = Debug|Any CPU
		{B1233C7F-93C0-55F4-1F7C-210F42A180E5}.Debug|Any CPU.Build.0 = Debug|Any CPU
		{B1233C7F-93C0-55F4-1F7C-210F42A180E5}.Release|Any CPU.ActiveCfg = Release|Any CPU
		{B1233C7F-93C0-55F4-1F7C-210F42A180E5}.Release|Any CPU.Build.0 = Release|Any CPU
		{5A8B5060-75CE-757A-1D9A-84138746C158}.Debug|Any CPU.ActiveCfg = Debug|Any CPU
		{5A8B5060-75CE-757A-1D9A-84138746C158}.Debug|Any CPU.Build.0 = Debug|Any CPU
		{5A8B5060-75CE-757A-1D9A-84138746C158}.Release|Any CPU.ActiveCfg = Release|Any CPU
		{5A8B5060-75CE-757A-1D9A-84138746C158}.Release|Any CPU.Build.0 = Release|Any CPU
	EndGlobalSection
	GlobalSection(SolutionProperties) = preSolution
		HideSolutionNode = FALSE
	EndGlobalSection
EndGlobal
