
Microsoft Visual Studio Solution File, Format Version 12.00
# Visual Studio 15
Project("{FAE04EC0-301F-11D3-BF4B-00C04F79EFBC}") = "Assembly-CSharp", "Assembly-CSharp.csproj", "{A34FD2B8-D13D-AAF2-816C-14937FFC0495}"
EndProject
Project("{FAE04EC0-301F-11D3-BF4B-00C04F79EFBC}") = "Assembly-CSharp-Editor", "Assembly-CSharp-Editor.csproj", "{98A533F4-BF6E-04D2-40C0-05C26BD2D5C4}"
EndProject
Global
	GlobalSection(SolutionConfigurationPlatforms) = preSolution
		Debug|Any CPU = Debug|Any CPU
		Release|Any CPU = Release|Any CPU
	EndGlobalSection
	GlobalSection(ProjectConfigurationPlatforms) = postSolution
		{A34FD2B8-D13D-AAF2-816C-14937FFC0495}.Debug|Any CPU.ActiveCfg = Debug|Any CPU
		{A34FD2B8-D13D-AAF2-816C-14937FFC0495}.Debug|Any CPU.Build.0 = Debug|Any CPU
		{A34FD2B8-D13D-AAF2-816C-14937FFC0495}.Release|Any CPU.ActiveCfg = Release|Any CPU
		{A34FD2B8-D13D-AAF2-816C-14937FFC0495}.Release|Any CPU.Build.0 = Release|Any CPU
		{98A533F4-BF6E-04D2-40C0-05C26BD2D5C4}.Debug|Any CPU.ActiveCfg = Debug|Any CPU
		{98A533F4-BF6E-04D2-40C0-05C26BD2D5C4}.Debug|Any CPU.Build.0 = Debug|Any CPU
		{98A533F4-BF6E-04D2-40C0-05C26BD2D5C4}.Release|Any CPU.ActiveCfg = Release|Any CPU
		{98A533F4-BF6E-04D2-40C0-05C26BD2D5C4}.Release|Any CPU.Build.0 = Release|Any CPU
	EndGlobalSection
	GlobalSection(SolutionProperties) = preSolution
		HideSolutionNode = FALSE
	EndGlobalSection
EndGlobal
